
Microsoft Visual Studio Solution File, Format Version 12.00
Project("{FAE04EC0-301F-11D3-BF4B-00C04F79EFBC}") = "Kentico.Xperience.Mjml.StarterKit.Rcl", "src\Kentico.Xperience.Mjml.StarterKit.Rcl\Kentico.Xperience.Mjml.StarterKit.Rcl.csproj", "{5BDAC64C-436F-475F-9650-B22DB74958F1}"
EndProject
Global
	GlobalSection(SolutionConfigurationPlatforms) = preSolution
		Debug|Any CPU = Debug|Any CPU
		Release|Any CPU = Release|Any CPU
	EndGlobalSection
	GlobalSection(ProjectConfigurationPlatforms) = postSolution
		{5BDAC64C-436F-475F-9650-B22DB74958F1}.Debug|Any CPU.ActiveCfg = Debug|Any CPU
		{5BDAC64C-436F-475F-9650-B22DB74958F1}.Debug|Any CPU.Build.0 = Debug|Any CPU
		{5BDAC64C-436F-475F-9650-B22DB74958F1}.Release|Any CPU.ActiveCfg = Release|Any CPU
		{5BDAC64C-436F-475F-9650-B22DB74958F1}.Release|Any CPU.Build.0 = Release|Any CPU
	EndGlobalSection
EndGlobal
